
Microsoft Visual Studio Solution File, Format Version 12.00
# Visual Studio Version 16
VisualStudioVersion = 16.0.31424.327
MinimumVisualStudioVersion = 10.0.40219.1
Project("{FAE04EC0-301F-11D3-BF4B-00C04F79EFBC}") = "OOPLB3", "OOPLB3\OOPLB3.csproj", "{F6CB768F-C829-45C6-A87A-C678B7CEC4DA}"
EndProject
Global
	GlobalSection(SolutionConfigurationPlatforms) = preSolution
		Debug|Any CPU = Debug|Any CPU
		Release|Any CPU = Release|Any CPU
	EndGlobalSection
	GlobalSection(ProjectConfigurationPlatforms) = postSolution
		{F6CB768F-C829-45C6-A87A-C678B7CEC4DA}.Debug|Any CPU.ActiveCfg = Debug|Any CPU
		{F6CB768F-C829-45C6-A87A-C678B7CEC4DA}.Debug|Any CPU.Build.0 = Debug|Any CPU
		{F6CB768F-C829-45C6-A87A-C678B7CEC4DA}.Release|Any CPU.ActiveCfg = Release|Any CPU
		{F6CB768F-C829-45C6-A87A-C678B7CEC4DA}.Release|Any CPU.Build.0 = Release|Any CPU
	EndGlobalSection
	GlobalSection(SolutionProperties) = preSolution
		HideSolutionNode = FALSE
	EndGlobalSection
	GlobalSection(ExtensibilityGlobals) = postSolution
		SolutionGuid = {C6067311-903D-4455-95E7-AB5068C3E888}
	EndGlobalSection
EndGlobal
